
Microsoft Visual Studio Solution File, Format Version 12.00
# Visual Studio Version 17
VisualStudioVersion = 17.11.35312.102
MinimumVisualStudioVersion = 10.0.40219.1
Project("{FAE04EC0-301F-11D3-BF4B-00C04F79EFBC}") = "AltoControls", "lib\AltoControls\AltoControls\AltoControls.csproj", "{BC91E6CD-29E4-4292-AF0C-2D27A8B93F31}"
EndProject
Project("{FAE04EC0-301F-11D3-BF4B-00C04F79EFBC}") = "YoloPolygon", "YoloPolygon\YoloPolygon.csproj", "{647DB754-DE9F-4001-9867-5A71E9193F09}"
EndProject
Global
	GlobalSection(SolutionConfigurationPlatforms) = preSolution
		Debug|Any CPU = Debug|Any CPU
		Release|Any CPU = Release|Any CPU
	EndGlobalSection
	GlobalSection(ProjectConfigurationPlatforms) = postSolution
		{BC91E6CD-29E4-4292-AF0C-2D27A8B93F31}.Debug|Any CPU.ActiveCfg = Debug|Any CPU
		{BC91E6CD-29E4-4292-AF0C-2D27A8B93F31}.Debug|Any CPU.Build.0 = Debug|Any CPU
		{BC91E6CD-29E4-4292-AF0C-2D27A8B93F31}.Release|Any CPU.ActiveCfg = Release|Any CPU
		{BC91E6CD-29E4-4292-AF0C-2D27A8B93F31}.Release|Any CPU.Build.0 = Release|Any CPU
		{647DB754-DE9F-4001-9867-5A71E9193F09}.Debug|Any CPU.ActiveCfg = Debug|Any CPU
		{647DB754-DE9F-4001-9867-5A71E9193F09}.Debug|Any CPU.Build.0 = Debug|Any CPU
		{647DB754-DE9F-4001-9867-5A71E9193F09}.Release|Any CPU.ActiveCfg = Release|Any CPU
		{647DB754-DE9F-4001-9867-5A71E9193F09}.Release|Any CPU.Build.0 = Release|Any CPU
	EndGlobalSection
	GlobalSection(SolutionProperties) = preSolution
		HideSolutionNode = FALSE
	EndGlobalSection
	GlobalSection(ExtensibilityGlobals) = postSolution
		SolutionGuid = {8961B315-7EE4-4869-8E09-A65A85B04020}
	EndGlobalSection
EndGlobal
